# This file was autogenerated by uv via the following command:
#    uv pip compile requirements.in -o requirements.lock --python .venv/Scripts/python.exe
-e ./vendor/knowledge-inbox
    # via -r requirements.in
annotated-doc==0.0.5
    # via fastapi
annotated-types==0.8.0
    # via pydantic
anyio==4.15.1
    # via
    #   httpx
    #   starlette
    #   watchfiles
av==18.1.0
    # via faster-whisper
beautifulsoup4==4.15.0
    # via
    #   knowledge-inbox
    #   markdownify
certifi==2026.7.22
    # via
    #   httpcore
    #   httpx
    #   requests
chardet==5.2.0
    # via readability-lxml
charset-normalizer==3.5.1
    # via
    #   reportlab
    #   requests
click==8.5.0
    # via
    #   huggingface-hub
    #   uvicorn
colorama==0.4.6
    # via
    #   pytest
    #   tqdm
cssselect==1.3.0
    # via readability-lxml
ctranslate2==4.8.2
    # via faster-whisper
defusedxml==0.7.1
    # via youtube-transcript-api
et-xmlfile==2.0.0
    # via openpyxl
fastapi==0.141.1
    # via knowledge-inbox
faster-whisper==1.2.1
    # via knowledge-inbox
filelock==4.0.0
    # via huggingface-hub
flatbuffers==25.12.19
    # via onnxruntime
fsspec==2026.7.0
    # via huggingface-hub
h11==0.16.0
    # via
    #   httpcore
    #   uvicorn
hf-xet==1.6.0
    # via huggingface-hub
httpcore==1.0.9
    # via httpx
httptools==0.8.0
    # via uvicorn
httpx==0.28.1
    # via
    #   huggingface-hub
    #   knowledge-inbox
huggingface-hub==1.32.0
    # via
    #   faster-whisper
    #   tokenizers
idna==3.20
    # via
    #   anyio
    #   httpx
    #   requests
iniconfig==2.3.0
    # via pytest
lxml==6.1.3
    # via
    #   knowledge-inbox
    #   lxml-html-clean
    #   python-docx
    #   readability-lxml
lxml-html-clean==0.4.5
    # via lxml
markdownify==1.2.3
    # via knowledge-inbox
numpy==2.5.3
    # via
    #   ctranslate2
    #   onnxruntime
onnxruntime==1.30.0
    # via faster-whisper
openpyxl==3.1.5
    # via knowledge-inbox
packaging==26.3
    # via
    #   huggingface-hub
    #   onnxruntime
    #   pytesseract
    #   pytest
pillow==12.3.0
    # via
    #   knowledge-inbox
    #   pytesseract
    #   reportlab
pluggy==1.6.0
    # via pytest
protobuf==7.36.2
    # via onnxruntime
pydantic==2.13.5
    # via
    #   fastapi
    #   knowledge-inbox
pydantic-core==2.46.5
    # via pydantic
pygments==2.21.0
    # via pytest
pymupdf==1.28.2
    # via knowledge-inbox
pypdf==6.19.0
    # via knowledge-inbox
pytesseract==0.3.13
    # via knowledge-inbox
pytest==9.1.1
    # via
    #   knowledge-inbox
    #   pytest-asyncio
pytest-asyncio==1.4.0
    # via knowledge-inbox
python-docx==1.2.0
    # via knowledge-inbox
python-dotenv==1.2.3
    # via uvicorn
python-multipart==0.0.32
    # via knowledge-inbox
pyyaml==6.0.3
    # via
    #   ctranslate2
    #   huggingface-hub
    #   knowledge-inbox
    #   uvicorn
readability-lxml==0.9
    # via knowledge-inbox
reportlab==5.0.1
    # via -r requirements.in
requests==2.34.2
    # via youtube-transcript-api
ruff==0.16.8
    # via knowledge-inbox
six==1.17.0
    # via markdownify
soupsieve==2.9.2
    # via beautifulsoup4
starlette==1.6.0
    # via fastapi
tokenizers==0.23.2
    # via faster-whisper
tqdm==4.70.1
    # via
    #   faster-whisper
    #   huggingface-hub
typing-extensions==4.16.0
    # via
    #   anyio
    #   beautifulsoup4
    #   fastapi
    #   huggingface-hub
    #   pydantic
    #   pydantic-core
    #   pytest-asyncio
    #   python-docx
    #   starlette
    #   typing-inspection
typing-inspection==0.4.4
    # via
    #   fastapi
    #   pydantic
urllib3==2.8.0
    # via requests
uvicorn==0.53.0
    # via knowledge-inbox
watchfiles==1.2.0
    # via uvicorn
websockets==17.1
    # via uvicorn
xlrd==2.0.2
    # via knowledge-inbox
youtube-transcript-api==1.2.4
    # via knowledge-inbox
yt-dlp==2026.8.19
    # via knowledge-inbox
